
Microsoft Visual Studio Solution File, Format Version 12.00
# Visual Studio Version 17
VisualStudioVersion = 17.4.33205.214
MinimumVisualStudioVersion = 10.0.40219.1
Project("{9A19103F-16F7-4668-BE54-9A1E7A4F7556}") = "UniversityTool", "UniversityTools\UniversityTool.csproj", "{AB0116B1-9DC5-4CD0-ADF4-1F3DA5477B25}"
EndProject
Project("{9A19103F-16F7-4668-BE54-9A1E7A4F7556}") = "UniversityTool.Domain", "UniversityTool.Domain\UniversityTool.Domain.csproj", "{FE1D8C78-136E-497D-98D0-6A045B285318}"
EndProject
Project("{9A19103F-16F7-4668-BE54-9A1E7A4F7556}") = "UniversityTool.DataBase", "UniversityTool.DataBase\UniversityTool.DataBase.csproj", "{703D6DF1-1689-4DBA-BADA-2FD764FEA973}"
EndProject
Project("{FAE04EC0-301F-11D3-BF4B-00C04F79EFBC}") = "BenchmarksApp", "BenchmarksApp\BenchmarksApp.csproj", "{1E0DFE06-2B2C-4A31-AA94-401A114617CD}"
EndProject
Global
	GlobalSection(SolutionConfigurationPlatforms) = preSolution
		Debug|Any CPU = Debug|Any CPU
		Release|Any CPU = Release|Any CPU
	EndGlobalSection
	GlobalSection(ProjectConfigurationPlatforms) = postSolution
		{AB0116B1-9DC5-4CD0-ADF4-1F3DA5477B25}.Debug|Any CPU.ActiveCfg = Debug|Any CPU
		{AB0116B1-9DC5-4CD0-ADF4-1F3DA5477B25}.Debug|Any CPU.Build.0 = Debug|Any CPU
		{AB0116B1-9DC5-4CD0-ADF4-1F3DA5477B25}.Release|Any CPU.ActiveCfg = Release|Any CPU
		{AB0116B1-9DC5-4CD0-ADF4-1F3DA5477B25}.Release|Any CPU.Build.0 = Release|Any CPU
		{FE1D8C78-136E-497D-98D0-6A045B285318}.Debug|Any CPU.ActiveCfg = Debug|Any CPU
		{FE1D8C78-136E-497D-98D0-6A045B285318}.Debug|Any CPU.Build.0 = Debug|Any CPU
		{FE1D8C78-136E-497D-98D0-6A045B285318}.Release|Any CPU.ActiveCfg = Release|Any CPU
		{FE1D8C78-136E-497D-98D0-6A045B285318}.Release|Any CPU.Build.0 = Release|Any CPU
		{703D6DF1-1689-4DBA-BADA-2FD764FEA973}.Debug|Any CPU.ActiveCfg = Debug|Any CPU
		{703D6DF1-1689-4DBA-BADA-2FD764FEA973}.Debug|Any CPU.Build.0 = Debug|Any CPU
		{703D6DF1-1689-4DBA-BADA-2FD764FEA973}.Release|Any CPU.ActiveCfg = Release|Any CPU
		{703D6DF1-1689-4DBA-BADA-2FD764FEA973}.Release|Any CPU.Build.0 = Release|Any CPU
		{1E0DFE06-2B2C-4A31-AA94-401A114617CD}.Debug|Any CPU.ActiveCfg = Debug|Any CPU
		{1E0DFE06-2B2C-4A31-AA94-401A114617CD}.Debug|Any CPU.Build.0 = Debug|Any CPU
		{1E0DFE06-2B2C-4A31-AA94-401A114617CD}.Release|Any CPU.ActiveCfg = Release|Any CPU
		{1E0DFE06-2B2C-4A31-AA94-401A114617CD}.Release|Any CPU.Build.0 = Release|Any CPU
	EndGlobalSection
	GlobalSection(SolutionProperties) = preSolution
		HideSolutionNode = FALSE
	EndGlobalSection
	GlobalSection(ExtensibilityGlobals) = postSolution
		SolutionGuid = {2437AF60-D1E3-4727-B29A-F0D96529A188}
	EndGlobalSection
EndGlobal
